
Microsoft Visual Studio Solution File, Format Version 12.00
# Visual Studio Version 16
VisualStudioVersion = 16.0.30523.141
MinimumVisualStudioVersion = 10.0.40219.1
Project("{FAE04EC0-301F-11D3-BF4B-00C04F79EFBC}") = "lab 5", "lab 5\lab 5.csproj", "{6226B159-6ECA-4942-BDA7-2DA4DD02DE30}"
EndProject
Global
	GlobalSection(SolutionConfigurationPlatforms) = preSolution
		Debug|Any CPU = Debug|Any CPU
		Release|Any CPU = Release|Any CPU
	EndGlobalSection
	GlobalSection(ProjectConfigurationPlatforms) = postSolution
		{6226B159-6ECA-4942-BDA7-2DA4DD02DE30}.Debug|Any CPU.ActiveCfg = Debug|Any CPU
		{6226B159-6ECA-4942-BDA7-2DA4DD02DE30}.Debug|Any CPU.Build.0 = Debug|Any CPU
		{6226B159-6ECA-4942-BDA7-2DA4DD02DE30}.Release|Any CPU.ActiveCfg = Release|Any CPU
		{6226B159-6ECA-4942-BDA7-2DA4DD02DE30}.Release|Any CPU.Build.0 = Release|Any CPU
	EndGlobalSection
	GlobalSection(SolutionProperties) = preSolution
		HideSolutionNode = FALSE
	EndGlobalSection
	GlobalSection(ExtensibilityGlobals) = postSolution
		SolutionGuid = {16B20A59-2B2C-4052-AADE-7C306F2AE9CE}
	EndGlobalSection
EndGlobal
