
Microsoft Visual Studio Solution File, Format Version 12.00
# Visual Studio Version 16
VisualStudioVersion = 16.0.30523.141
MinimumVisualStudioVersion = 10.0.40219.1
Project("{FAE04EC0-301F-11D3-BF4B-00C04F79EFBC}") = "lab 2", "lab 2\lab 2.csproj", "{65EEC72F-05B3-4C7E-8430-018E7ACC39B3}"
EndProject
Global
	GlobalSection(SolutionConfigurationPlatforms) = preSolution
		Debug|Any CPU = Debug|Any CPU
		Release|Any CPU = Release|Any CPU
	EndGlobalSection
	GlobalSection(ProjectConfigurationPlatforms) = postSolution
		{65EEC72F-05B3-4C7E-8430-018E7ACC39B3}.Debug|Any CPU.ActiveCfg = Debug|Any CPU
		{65EEC72F-05B3-4C7E-8430-018E7ACC39B3}.Debug|Any CPU.Build.0 = Debug|Any CPU
		{65EEC72F-05B3-4C7E-8430-018E7ACC39B3}.Release|Any CPU.ActiveCfg = Release|Any CPU
		{65EEC72F-05B3-4C7E-8430-018E7ACC39B3}.Release|Any CPU.Build.0 = Release|Any CPU
	EndGlobalSection
	GlobalSection(SolutionProperties) = preSolution
		HideSolutionNode = FALSE
	EndGlobalSection
	GlobalSection(ExtensibilityGlobals) = postSolution
		SolutionGuid = {668D65D4-6BD4-4DAC-9762-7663CE0B1065}
	EndGlobalSection
EndGlobal
