
Microsoft Visual Studio Solution File, Format Version 12.00
# Visual Studio Version 16
VisualStudioVersion = 16.0.30523.141
MinimumVisualStudioVersion = 10.0.40219.1
Project("{FAE04EC0-301F-11D3-BF4B-00C04F79EFBC}") = "lab 8.2", "lab 8.2\lab 8.2.csproj", "{F4AF9DE0-60DF-48F6-B936-13FC5F471A0C}"
EndProject
Global
	GlobalSection(SolutionConfigurationPlatforms) = preSolution
		Debug|Any CPU = Debug|Any CPU
		Release|Any CPU = Release|Any CPU
	EndGlobalSection
	GlobalSection(ProjectConfigurationPlatforms) = postSolution
		{F4AF9DE0-60DF-48F6-B936-13FC5F471A0C}.Debug|Any CPU.ActiveCfg = Debug|Any CPU
		{F4AF9DE0-60DF-48F6-B936-13FC5F471A0C}.Debug|Any CPU.Build.0 = Debug|Any CPU
		{F4AF9DE0-60DF-48F6-B936-13FC5F471A0C}.Release|Any CPU.ActiveCfg = Release|Any CPU
		{F4AF9DE0-60DF-48F6-B936-13FC5F471A0C}.Release|Any CPU.Build.0 = Release|Any CPU
	EndGlobalSection
	GlobalSection(SolutionProperties) = preSolution
		HideSolutionNode = FALSE
	EndGlobalSection
	GlobalSection(ExtensibilityGlobals) = postSolution
		SolutionGuid = {0E4A65FA-7C41-459E-BA6D-AD144B9E3B75}
	EndGlobalSection
EndGlobal
